// !$*UTF8*$!
{
	archiveVersion = 1;
	classes = {
	};
	objectVersion = 46;
	objects = {

/* Begin PBXBuildFile section */
		472C7ECA1D07482400B8AB5B /* RatioLogo.png in Resources */ = {isa = PBXBuildFile; fileRef = 472C7EC91D07482400B8AB5B /* RatioLogo.png */; };
		4732BEE11CFAA48E0021E4F4 /* AppDelegate.swift in Sources */ = {isa = PBXBuildFile; fileRef = 4732BEE01CFAA48E0021E4F4 /* AppDelegate.swift */; };
		4732BEE31CFAA48E0021E4F4 /* ViewController.swift in Sources */ = {isa = PBXBuildFile; fileRef = 4732BEE21CFAA48E0021E4F4 /* ViewController.swift */; };
		4732BEE61CFAA48E0021E4F4 /* Main.storyboard in Resources */ = {isa = PBXBuildFile; fileRef = 4732BEE41CFAA48E0021E4F4 /* Main.storyboard */; };
		4732BEE81CFAA48E0021E4F4 /* Assets.xcassets in Resources */ = {isa = PBXBuildFile; fileRef = 4732BEE71CFAA48E0021E4F4 /* Assets.xcassets */; };
		4732BEEB1CFAA48E0021E4F4 /* LaunchScreen.storyboard in Resources */ = {isa = PBXBuildFile; fileRef = 4732BEE91CFAA48E0021E4F4 /* LaunchScreen.storyboard */; };
		4732BEF31CFAAFAA0021E4F4 /* background.png in Resources */ = {isa = PBXBuildFile; fileRef = 4732BEF21CFAAFAA0021E4F4 /* background.png */; };
		4732BF1B1CFE2F6A0021E4F4 /* logo.png in Resources */ = {isa = PBXBuildFile; fileRef = 4732BF1A1CFE2F6A0021E4F4 /* logo.png */; };
		4770C5631D545D8D000C19F5 /* CoffeeCalculator.swift in Sources */ = {isa = PBXBuildFile; fileRef = 4770C5621D545D8D000C19F5 /* CoffeeCalculator.swift */; };
		47916B961D4AA15100DA1116 /* JMPTimer.swift in Sources */ = {isa = PBXBuildFile; fileRef = 47916B951D4AA15100DA1116 /* JMPTimer.swift */; };
		47A8FC971D4D7068004D412C /* Coffee_Ratio_UITests.swift in Sources */ = {isa = PBXBuildFile; fileRef = 47A8FC961D4D7068004D412C /* Coffee_Ratio_UITests.swift */; };
		47A8FC9E1D4D70D4004D412C /* ViewController.swift in Sources */ = {isa = PBXBuildFile; fileRef = 4732BEE21CFAA48E0021E4F4 /* ViewController.swift */; };
		47A8FC9F1D4D70F2004D412C /* JMPTimer.swift in Sources */ = {isa = PBXBuildFile; fileRef = 47916B951D4AA15100DA1116 /* JMPTimer.swift */; };
		47A8FCA01D4D7152004D412C /* Main.storyboard in Resources */ = {isa = PBXBuildFile; fileRef = 4732BEE41CFAA48E0021E4F4 /* Main.storyboard */; };
		47A8FCA81D4D75A9004D412C /* Coffee_RatioTests.swift in Sources */ = {isa = PBXBuildFile; fileRef = 47A8FCA71D4D75A9004D412C /* Coffee_RatioTests.swift */; };
		47A8FCAF1D4D7624004D412C /* ViewController.swift in Sources */ = {isa = PBXBuildFile; fileRef = 4732BEE21CFAA48E0021E4F4 /* ViewController.swift */; };
		47A8FCB01D4D76A3004D412C /* JMPTimer.swift in Sources */ = {isa = PBXBuildFile; fileRef = 47916B951D4AA15100DA1116 /* JMPTimer.swift */; };
		47D9E2FF1D826B9400CDB97E /* rlogo.png in Resources */ = {isa = PBXBuildFile; fileRef = 47D9E2FE1D826B9400CDB97E /* rlogo.png */; };
/* End PBXBuildFile section */

/* Begin PBXContainerItemProxy section */
		47A8FC991D4D7068004D412C /* PBXContainerItemProxy */ = {
			isa = PBXContainerItemProxy;
			containerPortal = 4732BED51CFAA48E0021E4F4 /* Project object */;
			proxyType = 1;
			remoteGlobalIDString = 4732BEDC1CFAA48E0021E4F4;
			remoteInfo = "Coffee Ratio";
		};
		47A8FCAA1D4D75A9004D412C /* PBXContainerItemProxy */ = {
			isa = PBXContainerItemProxy;
			containerPortal = 4732BED51CFAA48E0021E4F4 /* Project object */;
			proxyType = 1;
			remoteGlobalIDString = 4732BEDC1CFAA48E0021E4F4;
			remoteInfo = "Coffee Ratio";
		};
/* End PBXContainerItemProxy section */

/* Begin PBXFileReference section */
		472C7EC91D07482400B8AB5B /* RatioLogo.png */ = {isa = PBXFileReference; lastKnownFileType = image.png; path = RatioLogo.png; sourceTree = "<group>"; };
		4732BEDD1CFAA48E0021E4F4 /* Coffee Ratio.app */ = {isa = PBXFileReference; explicitFileType = wrapper.application; includeInIndex = 0; path = "Coffee Ratio.app"; sourceTree = BUILT_PRODUCTS_DIR; };
		4732BEE01CFAA48E0021E4F4 /* AppDelegate.swift */ = {isa = PBXFileReference; lastKnownFileType = sourcecode.swift; path = AppDelegate.swift; sourceTree = "<group>"; };
		4732BEE21CFAA48E0021E4F4 /* ViewController.swift */ = {isa = PBXFileReference; lastKnownFileType = sourcecode.swift; path = ViewController.swift; sourceTree = "<group>"; };
		4732BEE51CFAA48E0021E4F4 /* Base */ = {isa = PBXFileReference; lastKnownFileType = file.storyboard; name = Base; path = Base.lproj/Main.storyboard; sourceTree = "<group>"; };
		4732BEE71CFAA48E0021E4F4 /* Assets.xcassets */ = {isa = PBXFileReference; lastKnownFileType = folder.assetcatalog; path = Assets.xcassets; sourceTree = "<group>"; };
		4732BEEA1CFAA48E0021E4F4 /* Base */ = {isa = PBXFileReference; lastKnownFileType = file.storyboard; name = Base; path = Base.lproj/LaunchScreen.storyboard; sourceTree = "<group>"; };
		4732BEEC1CFAA48E0021E4F4 /* Info.plist */ = {isa = PBXFileReference; lastKnownFileType = text.plist.xml; path = Info.plist; sourceTree = "<group>"; };
		4732BEF21CFAAFAA0021E4F4 /* background.png */ = {isa = PBXFileReference; lastKnownFileType = image.png; path = background.png; sourceTree = "<group>"; };
		4732BF1A1CFE2F6A0021E4F4 /* logo.png */ = {isa = PBXFileReference; lastKnownFileType = image.png; path = logo.png; sourceTree = "<group>"; };
		4770C5621D545D8D000C19F5 /* CoffeeCalculator.swift */ = {isa = PBXFileReference; fileEncoding = 4; lastKnownFileType = sourcecode.swift; path = CoffeeCalculator.swift; sourceTree = "<group>"; };
		47916B951D4AA15100DA1116 /* JMPTimer.swift */ = {isa = PBXFileReference; fileEncoding = 4; lastKnownFileType = sourcecode.swift; path = JMPTimer.swift; sourceTree = "<group>"; };
		47A8FC941D4D7068004D412C /* Coffee Ratio UITests.xctest */ = {isa = PBXFileReference; explicitFileType = wrapper.cfbundle; includeInIndex = 0; path = "Coffee Ratio UITests.xctest"; sourceTree = BUILT_PRODUCTS_DIR; };
		47A8FC961D4D7068004D412C /* Coffee_Ratio_UITests.swift */ = {isa = PBXFileReference; lastKnownFileType = sourcecode.swift; path = Coffee_Ratio_UITests.swift; sourceTree = "<group>"; };
		47A8FC981D4D7068004D412C /* Info.plist */ = {isa = PBXFileReference; lastKnownFileType = text.plist.xml; path = Info.plist; sourceTree = "<group>"; };
		47A8FCA51D4D75A8004D412C /* Coffee RatioTests.xctest */ = {isa = PBXFileReference; explicitFileType = wrapper.cfbundle; includeInIndex = 0; path = "Coffee RatioTests.xctest"; sourceTree = BUILT_PRODUCTS_DIR; };
		47A8FCA71D4D75A9004D412C /* Coffee_RatioTests.swift */ = {isa = PBXFileReference; lastKnownFileType = sourcecode.swift; path = Coffee_RatioTests.swift; sourceTree = "<group>"; };
		47A8FCA91D4D75A9004D412C /* Info.plist */ = {isa = PBXFileReference; lastKnownFileType = text.plist.xml; path = Info.plist; sourceTree = "<group>"; };
		47D9E2FE1D826B9400CDB97E /* rlogo.png */ = {isa = PBXFileReference; lastKnownFileType = image.png; path = rlogo.png; sourceTree = "<group>"; };
/* End PBXFileReference section */

/* Begin PBXFrameworksBuildPhase section */
		4732BEDA1CFAA48E0021E4F4 /* Frameworks */ = {
			isa = PBXFrameworksBuildPhase;
			buildActionMask = 2147483647;
			files = (
			);
			runOnlyForDeploymentPostprocessing = 0;
		};
		47A8FC911D4D7068004D412C /* Frameworks */ = {
			isa = PBXFrameworksBuildPhase;
			buildActionMask = 2147483647;
			files = (
			);
			runOnlyForDeploymentPostprocessing = 0;
		};
		47A8FCA21D4D75A8004D412C /* Frameworks */ = {
			isa = PBXFrameworksBuildPhase;
			buildActionMask = 2147483647;
			files = (
			);
			runOnlyForDeploymentPostprocessing = 0;
		};
/* End PBXFrameworksBuildPhase section */

/* Begin PBXGroup section */
		4732BED41CFAA48E0021E4F4 = {
			isa = PBXGroup;
			children = (
				4732BEDF1CFAA48E0021E4F4 /* Coffee Ratio */,
				47A8FC951D4D7068004D412C /* Coffee Ratio UITests */,
				47A8FCA61D4D75A9004D412C /* Coffee RatioTests */,
				4732BEDE1CFAA48E0021E4F4 /* Products */,
			);
			sourceTree = "<group>";
		};
		4732BEDE1CFAA48E0021E4F4 /* Products */ = {
			isa = PBXGroup;
			children = (
				4732BEDD1CFAA48E0021E4F4 /* Coffee Ratio.app */,
				47A8FC941D4D7068004D412C /* Coffee Ratio UITests.xctest */,
				47A8FCA51D4D75A8004D412C /* Coffee RatioTests.xctest */,
			);
			name = Products;
			sourceTree = "<group>";
		};
		4732BEDF1CFAA48E0021E4F4 /* Coffee Ratio */ = {
			isa = PBXGroup;
			children = (
				4732BEE01CFAA48E0021E4F4 /* AppDelegate.swift */,
				4732BEE21CFAA48E0021E4F4 /* ViewController.swift */,
				4770C5621D545D8D000C19F5 /* CoffeeCalculator.swift */,
				4732BEE41CFAA48E0021E4F4 /* Main.storyboard */,
				4732BEE71CFAA48E0021E4F4 /* Assets.xcassets */,
				4770C5611D545D4D000C19F5 /* Photos */,
				4732BEE91CFAA48E0021E4F4 /* LaunchScreen.storyboard */,
				4732BEEC1CFAA48E0021E4F4 /* Info.plist */,
				47916B971D4AA16E00DA1116 /* External Code */,
			);
			path = "Coffee Ratio";
			sourceTree = "<group>";
		};
		4770C5611D545D4D000C19F5 /* Photos */ = {
			isa = PBXGroup;
			children = (
				472C7EC91D07482400B8AB5B /* RatioLogo.png */,
				4732BF1A1CFE2F6A0021E4F4 /* logo.png */,
				47D9E2FE1D826B9400CDB97E /* rlogo.png */,
				4732BEF21CFAAFAA0021E4F4 /* background.png */,
			);
			name = Photos;
			sourceTree = "<group>";
		};
		47916B971D4AA16E00DA1116 /* External Code */ = {
			isa = PBXGroup;
			children = (
				47916B951D4AA15100DA1116 /* JMPTimer.swift */,
			);
			name = "External Code";
			sourceTree = "<group>";
		};
		47A8FC951D4D7068004D412C /* Coffee Ratio UITests */ = {
			isa = PBXGroup;
			children = (
				47A8FC961D4D7068004D412C /* Coffee_Ratio_UITests.swift */,
				47A8FC981D4D7068004D412C /* Info.plist */,
			);
			path = "Coffee Ratio UITests";
			sourceTree = "<group>";
		};
		47A8FCA61D4D75A9004D412C /* Coffee RatioTests */ = {
			isa = PBXGroup;
			children = (
				47A8FCA71D4D75A9004D412C /* Coffee_RatioTests.swift */,
				47A8FCA91D4D75A9004D412C /* Info.plist */,
			);
			path = "Coffee RatioTests";
			sourceTree = "<group>";
		};
/* End PBXGroup section */

/* Begin PBXNativeTarget section */
		4732BEDC1CFAA48E0021E4F4 /* Coffee Ratio */ = {
			isa = PBXNativeTarget;
			buildConfigurationList = 4732BEEF1CFAA48E0021E4F4 /* Build configuration list for PBXNativeTarget "Coffee Ratio" */;
			buildPhases = (
				4732BED91CFAA48E0021E4F4 /* Sources */,
				4732BEDA1CFAA48E0021E4F4 /* Frameworks */,
				4732BEDB1CFAA48E0021E4F4 /* Resources */,
				47B553BC1DF0C09E005B3979 /* ShellScript */,
			);
			buildRules = (
			);
			dependencies = (
			);
			name = "Coffee Ratio";
			productName = "Coffee Ratio";
			productReference = 4732BEDD1CFAA48E0021E4F4 /* Coffee Ratio.app */;
			productType = "com.apple.product-type.application";
		};
		47A8FC931D4D7068004D412C /* Coffee Ratio UITests */ = {
			isa = PBXNativeTarget;
			buildConfigurationList = 47A8FC9B1D4D7068004D412C /* Build configuration list for PBXNativeTarget "Coffee Ratio UITests" */;
			buildPhases = (
				47A8FC901D4D7068004D412C /* Sources */,
				47A8FC911D4D7068004D412C /* Frameworks */,
				47A8FC921D4D7068004D412C /* Resources */,
			);
			buildRules = (
			);
			dependencies = (
				47A8FC9A1D4D7068004D412C /* PBXTargetDependency */,
			);
			name = "Coffee Ratio UITests";
			productName = "Coffee Ratio UITests";
			productReference = 47A8FC941D4D7068004D412C /* Coffee Ratio UITests.xctest */;
			productType = "com.apple.product-type.bundle.ui-testing";
		};
		47A8FCA41D4D75A8004D412C /* Coffee RatioTests */ = {
			isa = PBXNativeTarget;
			buildConfigurationList = 47A8FCAC1D4D75A9004D412C /* Build configuration list for PBXNativeTarget "Coffee RatioTests" */;
			buildPhases = (
				47A8FCA11D4D75A8004D412C /* Sources */,
				47A8FCA21D4D75A8004D412C /* Frameworks */,
				47A8FCA31D4D75A8004D412C /* Resources */,
			);
			buildRules = (
			);
			dependencies = (
				47A8FCAB1D4D75A9004D412C /* PBXTargetDependency */,
			);
			name = "Coffee RatioTests";
			productName = "Coffee RatioTests";
			productReference = 47A8FCA51D4D75A8004D412C /* Coffee RatioTests.xctest */;
			productType = "com.apple.product-type.bundle.unit-test";
		};
/* End PBXNativeTarget section */

/* Begin PBXProject section */
		4732BED51CFAA48E0021E4F4 /* Project object */ = {
			isa = PBXProject;
			attributes = {
				LastSwiftUpdateCheck = 0800;
				LastUpgradeCheck = 0810;
				ORGANIZATIONNAME = "John Peden";
				TargetAttributes = {
					4732BEDC1CFAA48E0021E4F4 = {
						CreatedOnToolsVersion = 7.3;
						DevelopmentTeam = S3YZ5MJ96M;
						DevelopmentTeamName = "Middle Tennessee State University";
						LastSwiftMigration = 0800;
					};
					47A8FC931D4D7068004D412C = {
						CreatedOnToolsVersion = 8.0;
						DevelopmentTeam = 26V332SYBX;
						DevelopmentTeamName = "John Peden (Personal Team)";
						ProvisioningStyle = Automatic;
						TestTargetID = 4732BEDC1CFAA48E0021E4F4;
					};
					47A8FCA41D4D75A8004D412C = {
						CreatedOnToolsVersion = 8.0;
						DevelopmentTeam = 26V332SYBX;
						DevelopmentTeamName = "John Peden (Personal Team)";
						ProvisioningStyle = Automatic;
						TestTargetID = 4732BEDC1CFAA48E0021E4F4;
					};
				};
			};
			buildConfigurationList = 4732BED81CFAA48E0021E4F4 /* Build configuration list for PBXProject "Coffee Ratio" */;
			compatibilityVersion = "Xcode 3.2";
			developmentRegion = English;
			hasScannedForEncodings = 0;
			knownRegions = (
				en,
				Base,
			);
			mainGroup = 4732BED41CFAA48E0021E4F4;
			productRefGroup = 4732BEDE1CFAA48E0021E4F4 /* Products */;
			projectDirPath = "";
			projectRoot = "";
			targets = (
				4732BEDC1CFAA48E0021E4F4 /* Coffee Ratio */,
				47A8FC931D4D7068004D412C /* Coffee Ratio UITests */,
				47A8FCA41D4D75A8004D412C /* Coffee RatioTests */,
			);
		};
/* End PBXProject section */

/* Begin PBXResourcesBuildPhase section */
		4732BEDB1CFAA48E0021E4F4 /* Resources */ = {
			isa = PBXResourcesBuildPhase;
			buildActionMask = 2147483647;
			files = (
				4732BEEB1CFAA48E0021E4F4 /* LaunchScreen.storyboard in Resources */,
				4732BF1B1CFE2F6A0021E4F4 /* logo.png in Resources */,
				47D9E2FF1D826B9400CDB97E /* rlogo.png in Resources */,
				4732BEF31CFAAFAA0021E4F4 /* background.png in Resources */,
				4732BEE81CFAA48E0021E4F4 /* Assets.xcassets in Resources */,
				472C7ECA1D07482400B8AB5B /* RatioLogo.png in Resources */,
				4732BEE61CFAA48E0021E4F4 /* Main.storyboard in Resources */,
			);
			runOnlyForDeploymentPostprocessing = 0;
		};
		47A8FC921D4D7068004D412C /* Resources */ = {
			isa = PBXResourcesBuildPhase;
			buildActionMask = 2147483647;
			files = (
				47A8FCA01D4D7152004D412C /* Main.storyboard in Resources */,
			);
			runOnlyForDeploymentPostprocessing = 0;
		};
		47A8FCA31D4D75A8004D412C /* Resources */ = {
			isa = PBXResourcesBuildPhase;
			buildActionMask = 2147483647;
			files = (
			);
			runOnlyForDeploymentPostprocessing = 0;
		};
/* End PBXResourcesBuildPhase section */

/* Begin PBXShellScriptBuildPhase section */
		47B553BC1DF0C09E005B3979 /* ShellScript */ = {
			isa = PBXShellScriptBuildPhase;
			buildActionMask = 2147483647;
			files = (
			);
			inputPaths = (
			);
			outputPaths = (
			);
			runOnlyForDeploymentPostprocessing = 0;
			shellPath = /bin/sh;
			shellScript = "";
		};
/* End PBXShellScriptBuildPhase section */

/* Begin PBXSourcesBuildPhase section */
		4732BED91CFAA48E0021E4F4 /* Sources */ = {
			isa = PBXSourcesBuildPhase;
			buildActionMask = 2147483647;
			files = (
				4732BEE31CFAA48E0021E4F4 /* ViewController.swift in Sources */,
				47916B961D4AA15100DA1116 /* JMPTimer.swift in Sources */,
				4732BEE11CFAA48E0021E4F4 /* AppDelegate.swift in Sources */,
				4770C5631D545D8D000C19F5 /* CoffeeCalculator.swift in Sources */,
			);
			runOnlyForDeploymentPostprocessing = 0;
		};
		47A8FC901D4D7068004D412C /* Sources */ = {
			isa = PBXSourcesBuildPhase;
			buildActionMask = 2147483647;
			files = (
				47A8FC9E1D4D70D4004D412C /* ViewController.swift in Sources */,
				47A8FC9F1D4D70F2004D412C /* JMPTimer.swift in Sources */,
				47A8FC971D4D7068004D412C /* Coffee_Ratio_UITests.swift in Sources */,
			);
			runOnlyForDeploymentPostprocessing = 0;
		};
		47A8FCA11D4D75A8004D412C /* Sources */ = {
			isa = PBXSourcesBuildPhase;
			buildActionMask = 2147483647;
			files = (
				47A8FCAF1D4D7624004D412C /* ViewController.swift in Sources */,
				47A8FCB01D4D76A3004D412C /* JMPTimer.swift in Sources */,
				47A8FCA81D4D75A9004D412C /* Coffee_RatioTests.swift in Sources */,
			);
			runOnlyForDeploymentPostprocessing = 0;
		};
/* End PBXSourcesBuildPhase section */

/* Begin PBXTargetDependency section */
		47A8FC9A1D4D7068004D412C /* PBXTargetDependency */ = {
			isa = PBXTargetDependency;
			target = 4732BEDC1CFAA48E0021E4F4 /* Coffee Ratio */;
			targetProxy = 47A8FC991D4D7068004D412C /* PBXContainerItemProxy */;
		};
		47A8FCAB1D4D75A9004D412C /* PBXTargetDependency */ = {
			isa = PBXTargetDependency;
			target = 4732BEDC1CFAA48E0021E4F4 /* Coffee Ratio */;
			targetProxy = 47A8FCAA1D4D75A9004D412C /* PBXContainerItemProxy */;
		};
/* End PBXTargetDependency section */

/* Begin PBXVariantGroup section */
		4732BEE41CFAA48E0021E4F4 /* Main.storyboard */ = {
			isa = PBXVariantGroup;
			children = (
				4732BEE51CFAA48E0021E4F4 /* Base */,
			);
			name = Main.storyboard;
			sourceTree = "<group>";
		};
		4732BEE91CFAA48E0021E4F4 /* LaunchScreen.storyboard */ = {
			isa = PBXVariantGroup;
			children = (
				4732BEEA1CFAA48E0021E4F4 /* Base */,
			);
			name = LaunchScreen.storyboard;
			sourceTree = "<group>";
		};
/* End PBXVariantGroup section */

/* Begin XCBuildConfiguration section */
		4732BEED1CFAA48E0021E4F4 /* Debug */ = {
			isa = XCBuildConfiguration;
			buildSettings = {
				ALWAYS_SEARCH_USER_PATHS = NO;
				CLANG_ANALYZER_NONNULL = YES;
				CLANG_CXX_LANGUAGE_STANDARD = "gnu++0x";
				CLANG_CXX_LIBRARY = "libc++";
				CLANG_ENABLE_MODULES = YES;
				CLANG_ENABLE_OBJC_ARC = YES;
				CLANG_WARN_BOOL_CONVERSION = YES;
				CLANG_WARN_CONSTANT_CONVERSION = YES;
				CLANG_WARN_DIRECT_OBJC_ISA_USAGE = YES_ERROR;
				CLANG_WARN_EMPTY_BODY = YES;
				CLANG_WARN_ENUM_CONVERSION = YES;
				CLANG_WARN_INFINITE_RECURSION = YES;
				CLANG_WARN_INT_CONVERSION = YES;
				CLANG_WARN_OBJC_ROOT_CLASS = YES_ERROR;
				CLANG_WARN_SUSPICIOUS_MOVE = YES;
				CLANG_WARN_UNREACHABLE_CODE = YES;
				CLANG_WARN__DUPLICATE_METHOD_MATCH = YES;
				"CODE_SIGN_IDENTITY[sdk=iphoneos*]" = "iPhone Developer";
				COPY_PHASE_STRIP = NO;
				DEBUG_INFORMATION_FORMAT = dwarf;
				ENABLE_STRICT_OBJC_MSGSEND = YES;
				ENABLE_TESTABILITY = YES;
				GCC_C_LANGUAGE_STANDARD = gnu99;
				GCC_DYNAMIC_NO_PIC = NO;
				GCC_NO_COMMON_BLOCKS = YES;
				GCC_OPTIMIZATION_LEVEL = 0;
				GCC_PREPROCESSOR_DEFINITIONS = (
					"DEBUG=1",
					"$(inherited)",
				);
				GCC_WARN_64_TO_32_BIT_CONVERSION = YES;
				GCC_WARN_ABOUT_RETURN_TYPE = YES_ERROR;
				GCC_WARN_UNDECLARED_SELECTOR = YES;
				GCC_WARN_UNINITIALIZED_AUTOS = YES_AGGRESSIVE;
				GCC_WARN_UNUSED_FUNCTION = YES;
				GCC_WARN_UNUSED_VARIABLE = YES;
				IPHONEOS_DEPLOYMENT_TARGET = 9.3;
				MTL_ENABLE_DEBUG_INFO = YES;
				ONLY_ACTIVE_ARCH = YES;
				SDKROOT = iphoneos;
				SWIFT_OPTIMIZATION_LEVEL = "-Onone";
			};
			name = Debug;
		};
		4732BEEE1CFAA48E0021E4F4 /* Release */ = {
			isa = XCBuildConfiguration;
			buildSettings = {
				ALWAYS_SEARCH_USER_PATHS = NO;
				CLANG_ANALYZER_NONNULL = YES;
				CLANG_CXX_LANGUAGE_STANDARD = "gnu++0x";
				CLANG_CXX_LIBRARY = "libc++";
				CLANG_ENABLE_MODULES = YES;
				CLANG_ENABLE_OBJC_ARC = YES;
				CLANG_WARN_BOOL_CONVERSION = YES;
				CLANG_WARN_CONSTANT_CONVERSION = YES;
				CLANG_WARN_DIRECT_OBJC_ISA_USAGE = YES_ERROR;
				CLANG_WARN_EMPTY_BODY = YES;
				CLANG_WARN_ENUM_CONVERSION = YES;
				CLANG_WARN_INFINITE_RECURSION = YES;
				CLANG_WARN_INT_CONVERSION = YES;
				CLANG_WARN_OBJC_ROOT_CLASS = YES_ERROR;
				CLANG_WARN_SUSPICIOUS_MOVE = YES;
				CLANG_WARN_UNREACHABLE_CODE = YES;
				CLANG_WARN__DUPLICATE_METHOD_MATCH = YES;
				"CODE_SIGN_IDENTITY[sdk=iphoneos*]" = "iPhone Developer";
				COPY_PHASE_STRIP = NO;
				DEBUG_INFORMATION_FORMAT = "dwarf-with-dsym";
				ENABLE_NS_ASSERTIONS = NO;
				ENABLE_STRICT_OBJC_MSGSEND = YES;
				ENABLE_TESTABILITY = YES;
				GCC_C_LANGUAGE_STANDARD = gnu99;
				GCC_NO_COMMON_BLOCKS = YES;
				GCC_WARN_64_TO_32_BIT_CONVERSION = YES;
				GCC_WARN_ABOUT_RETURN_TYPE = YES_ERROR;
				GCC_WARN_UNDECLARED_SELECTOR = YES;
				GCC_WARN_UNINITIALIZED_AUTOS = YES_AGGRESSIVE;
				GCC_WARN_UNUSED_FUNCTION = YES;
				GCC_WARN_UNUSED_VARIABLE = YES;
				IPHONEOS_DEPLOYMENT_TARGET = 9.3;
				MTL_ENABLE_DEBUG_INFO = NO;
				SDKROOT = iphoneos;
				VALIDATE_PRODUCT = YES;
			};
			name = Release;
		};
		4732BEF01CFAA48E0021E4F4 /* Debug */ = {
			isa = XCBuildConfiguration;
			buildSettings = {
				ASSETCATALOG_COMPILER_APPICON_NAME = AppIcon;
				CODE_SIGN_IDENTITY = "iPhone Developer";
				"CODE_SIGN_IDENTITY[sdk=iphoneos*]" = "iPhone Developer";
				DEVELOPMENT_TEAM = S3YZ5MJ96M;
				INFOPLIST_FILE = "Coffee Ratio/Info.plist";
				IPHONEOS_DEPLOYMENT_TARGET = 10.0;
				LD_RUNPATH_SEARCH_PATHS = "$(inherited) @executable_path/Frameworks";
				PRODUCT_BUNDLE_IDENTIFIER = "jmp9c.Coffee-Ratio";
				PRODUCT_NAME = "$(TARGET_NAME)";
				PROVISIONING_PROFILE = "";
				SWIFT_VERSION = 3.0;
			};
			name = Debug;
		};
		4732BEF11CFAA48E0021E4F4 /* Release */ = {
			isa = XCBuildConfiguration;
			buildSettings = {
				ASSETCATALOG_COMPILER_APPICON_NAME = AppIcon;
				CODE_SIGN_IDENTITY = "iPhone Developer";
				"CODE_SIGN_IDENTITY[sdk=iphoneos*]" = "iPhone Developer";
				DEVELOPMENT_TEAM = S3YZ5MJ96M;
				INFOPLIST_FILE = "Coffee Ratio/Info.plist";
				IPHONEOS_DEPLOYMENT_TARGET = 10.0;
				LD_RUNPATH_SEARCH_PATHS = "$(inherited) @executable_path/Frameworks";
				PRODUCT_BUNDLE_IDENTIFIER = "jmp9c.Coffee-Ratio";
				PRODUCT_NAME = "$(TARGET_NAME)";
				PROVISIONING_PROFILE = "";
				SWIFT_OPTIMIZATION_LEVEL = "-Owholemodule";
				SWIFT_VERSION = 3.0;
			};
			name = Release;
		};
		47A8FC9C1D4D7068004D412C /* Debug */ = {
			isa = XCBuildConfiguration;
			buildSettings = {
				CLANG_WARN_DOCUMENTATION_COMMENTS = YES;
				INFOPLIST_FILE = "Coffee Ratio UITests/Info.plist";
				IPHONEOS_DEPLOYMENT_TARGET = 10.0;
				LD_RUNPATH_SEARCH_PATHS = "$(inherited) @executable_path/Frameworks @loader_path/Frameworks";
				PRODUCT_BUNDLE_IDENTIFIER = "jped.Coffee-Ratio-UITests";
				PRODUCT_NAME = "$(TARGET_NAME)";
				SWIFT_ACTIVE_COMPILATION_CONDITIONS = DEBUG;
				SWIFT_VERSION = 3.0;
				TEST_TARGET_NAME = "Coffee Ratio";
			};
			name = Debug;
		};
		47A8FC9D1D4D7068004D412C /* Release */ = {
			isa = XCBuildConfiguration;
			buildSettings = {
				CLANG_WARN_DOCUMENTATION_COMMENTS = YES;
				INFOPLIST_FILE = "Coffee Ratio UITests/Info.plist";
				IPHONEOS_DEPLOYMENT_TARGET = 10.0;
				LD_RUNPATH_SEARCH_PATHS = "$(inherited) @executable_path/Frameworks @loader_path/Frameworks";
				PRODUCT_BUNDLE_IDENTIFIER = "jped.Coffee-Ratio-UITests";
				PRODUCT_NAME = "$(TARGET_NAME)";
				SWIFT_OPTIMIZATION_LEVEL = "-Owholemodule";
				SWIFT_VERSION = 3.0;
				TEST_TARGET_NAME = "Coffee Ratio";
			};
			name = Release;
		};
		47A8FCAD1D4D75A9004D412C /* Debug */ = {
			isa = XCBuildConfiguration;
			buildSettings = {
				BUNDLE_LOADER = "$(TEST_HOST)";
				CLANG_WARN_DOCUMENTATION_COMMENTS = YES;
				DEVELOPMENT_TEAM = 26V332SYBX;
				INFOPLIST_FILE = "Coffee RatioTests/Info.plist";
				IPHONEOS_DEPLOYMENT_TARGET = 10.0;
				LD_RUNPATH_SEARCH_PATHS = "$(inherited) @executable_path/Frameworks @loader_path/Frameworks";
				PRODUCT_BUNDLE_IDENTIFIER = "jped.Coffee-RatioTests";
				PRODUCT_NAME = "$(TARGET_NAME)";
				SWIFT_ACTIVE_COMPILATION_CONDITIONS = DEBUG;
				SWIFT_VERSION = 3.0;
				TEST_HOST = "$(BUILT_PRODUCTS_DIR)/Coffee Ratio.app/Coffee Ratio";
			};
			name = Debug;
		};
		47A8FCAE1D4D75A9004D412C /* Release */ = {
			isa = XCBuildConfiguration;
			buildSettings = {
				BUNDLE_LOADER = "$(TEST_HOST)";
				CLANG_WARN_DOCUMENTATION_COMMENTS = YES;
				DEVELOPMENT_TEAM = 26V332SYBX;
				INFOPLIST_FILE = "Coffee RatioTests/Info.plist";
				IPHONEOS_DEPLOYMENT_TARGET = 10.0;
				LD_RUNPATH_SEARCH_PATHS = "$(inherited) @executable_path/Frameworks @loader_path/Frameworks";
				PRODUCT_BUNDLE_IDENTIFIER = "jped.Coffee-RatioTests";
				PRODUCT_NAME = "$(TARGET_NAME)";
				SWIFT_OPTIMIZATION_LEVEL = "-Owholemodule";
				SWIFT_VERSION = 3.0;
				TEST_HOST = "$(BUILT_PRODUCTS_DIR)/Coffee Ratio.app/Coffee Ratio";
			};
			name = Release;
		};
/* End XCBuildConfiguration section */

/* Begin XCConfigurationList section */
		4732BED81CFAA48E0021E4F4 /* Build configuration list for PBXProject "Coffee Ratio" */ = {
			isa = XCConfigurationList;
			buildConfigurations = (
				4732BEED1CFAA48E0021E4F4 /* Debug */,
				4732BEEE1CFAA48E0021E4F4 /* Release */,
			);
			defaultConfigurationIsVisible = 0;
			defaultConfigurationName = Release;
		};
		4732BEEF1CFAA48E0021E4F4 /* Build configuration list for PBXNativeTarget "Coffee Ratio" */ = {
			isa = XCConfigurationList;
			buildConfigurations = (
				4732BEF01CFAA48E0021E4F4 /* Debug */,
				4732BEF11CFAA48E0021E4F4 /* Release */,
			);
			defaultConfigurationIsVisible = 0;
			defaultConfigurationName = Release;
		};
		47A8FC9B1D4D7068004D412C /* Build configuration list for PBXNativeTarget "Coffee Ratio UITests" */ = {
			isa = XCConfigurationList;
			buildConfigurations = (
				47A8FC9C1D4D7068004D412C /* Debug */,
				47A8FC9D1D4D7068004D412C /* Release */,
			);
			defaultConfigurationIsVisible = 0;
			defaultConfigurationName = Release;
		};
		47A8FCAC1D4D75A9004D412C /* Build configuration list for PBXNativeTarget "Coffee RatioTests" */ = {
			isa = XCConfigurationList;
			buildConfigurations = (
				47A8FCAD1D4D75A9004D412C /* Debug */,
				47A8FCAE1D4D75A9004D412C /* Release */,
			);
			defaultConfigurationIsVisible = 0;
			defaultConfigurationName = Release;
		};
/* End XCConfigurationList section */
	};
	rootObject = 4732BED51CFAA48E0021E4F4 /* Project object */;
}
